{
  "name": "janvasexamples",
  "version": "1.0.1",
  "lockfileVersion": 1,
  "requires": true,
  "dependencies": {
    "janvas": {
      "version": "2.3.3",
      "resolved": "https://registry.npmjs.org/janvas/-/janvas-2.3.3.tgz",
      "integrity": "sha512-3rjkTzxY6fQhdFWmAvw4UF3Sq9sEAN/0YZ6FPyuOYdadcxAD19NppX4y9GL2u2UG+DAChzOsTn0eO4cLmEo1hw=="
    }
  }
}
